# This file is automatically @generated by Cargo.
# It is not intended for manual editing.
version = 4

[[package]]
name = "lkjscript2026-app"
version = "0.1.0"
dependencies = [
 "lkjscript2026-compiler",
 "lkjscript2026-core",
 "lkjscript2026-vm",
]

[[package]]
name = "lkjscript2026-compiler"
version = "0.1.0"
dependencies = [
 "lkjscript2026-core",
]

[[package]]
name = "lkjscript2026-core"
version = "0.1.0"

[[package]]
name = "lkjscript2026-sys"
version = "0.1.0"

[[package]]
name = "lkjscript2026-vm"
version = "0.1.0"
dependencies = [
 "lkjscript2026-core",
 "lkjscript2026-sys",
]

[[package]]
name = "lkjscript2026-xtask"
version = "0.1.0"
dependencies = [
 "lkjscript2026-compiler",
 "lkjscript2026-core",
]
