# This file is automatically @generated by Cargo.
# It is not intended for manual editing.
version = 4

[[package]]
name = "lkjscript-app"
version = "0.1.0"
dependencies = [
 "lkjscript-compiler",
 "lkjscript-core",
 "lkjscript-vm",
]

[[package]]
name = "lkjscript-compiler"
version = "0.1.0"
dependencies = [
 "lkjscript-core",
]

[[package]]
name = "lkjscript-core"
version = "0.1.0"

[[package]]
name = "lkjscript-sys"
version = "0.1.0"

[[package]]
name = "lkjscript-vm"
version = "0.1.0"
dependencies = [
 "lkjscript-core",
 "lkjscript-sys",
]

[[package]]
name = "lkjscript-xtask"
version = "0.1.0"
dependencies = [
 "lkjscript-compiler",
 "lkjscript-core",
]
